{
  "requires": true,
  "lockfileVersion": 1,
  "dependencies": {
    "ngx-cookie-service": {
      "version": "1.0.10",
      "resolved": "https://registry.npmjs.org/ngx-cookie-service/-/ngx-cookie-service-1.0.10.tgz",
      "integrity": "sha512-TAXpQsIONAupTqkUDcH44hFQsLTvsXpxM80eKgxvy3vhBFfT1uIdR7BRhM7VpUW5J7BN9qCbGNgLN5lsnVu7pw=="
    }
  }
}
